
Microsoft Visual Studio Solution File, Format Version 11.00
# Visual Studio 2010
Project("{FAE04EC0-301F-11D3-BF4B-00C04F79EFBC}") = "NamespaceStrip", "NamespaceStrip\NamespaceStrip.csproj", "{55354CB3-F602-4936-A52B-663F1A4CD49D}"
EndProject
Global
	GlobalSection(SolutionConfigurationPlatforms) = preSolution
		Debug|Any CPU = Debug|Any CPU
		Release|Any CPU = Release|Any CPU
	EndGlobalSection
	GlobalSection(ProjectConfigurationPlatforms) = postSolution
		{55354CB3-F602-4936-A52B-663F1A4CD49D}.Debug|Any CPU.ActiveCfg = Debug|Any CPU
		{55354CB3-F602-4936-A52B-663F1A4CD49D}.Debug|Any CPU.Build.0 = Debug|Any CPU
		{55354CB3-F602-4936-A52B-663F1A4CD49D}.Release|Any CPU.ActiveCfg = Release|Any CPU
		{55354CB3-F602-4936-A52B-663F1A4CD49D}.Release|Any CPU.Build.0 = Release|Any CPU
	EndGlobalSection
	GlobalSection(SolutionProperties) = preSolution
		HideSolutionNode = FALSE
	EndGlobalSection
EndGlobal
