
Microsoft Visual Studio Solution File, Format Version 11.00
# Visual Studio 2010
Project("{FAE04EC0-301F-11D3-BF4B-00C04F79EFBC}") = "ParamsAndASingleNull", "ParamsAndASingleNull\ParamsAndASingleNull.csproj", "{52CB5806-11EB-4458-AA00-1C71971C778D}"
EndProject
Global
	GlobalSection(SolutionConfigurationPlatforms) = preSolution
		Debug|Any CPU = Debug|Any CPU
		Release|Any CPU = Release|Any CPU
	EndGlobalSection
	GlobalSection(ProjectConfigurationPlatforms) = postSolution
		{52CB5806-11EB-4458-AA00-1C71971C778D}.Debug|Any CPU.ActiveCfg = Debug|Any CPU
		{52CB5806-11EB-4458-AA00-1C71971C778D}.Debug|Any CPU.Build.0 = Debug|Any CPU
		{52CB5806-11EB-4458-AA00-1C71971C778D}.Release|Any CPU.ActiveCfg = Release|Any CPU
		{52CB5806-11EB-4458-AA00-1C71971C778D}.Release|Any CPU.Build.0 = Release|Any CPU
	EndGlobalSection
	GlobalSection(SolutionProperties) = preSolution
		HideSolutionNode = FALSE
	EndGlobalSection
EndGlobal
