
Microsoft Visual Studio Solution File, Format Version 11.00
# Visual Studio 2010
Project("{FAE04EC0-301F-11D3-BF4B-00C04F79EFBC}") = "MyTask", "MyTask\MyTask.csproj", "{B376EF65-484B-4CAD-AD85-B6B16B2104B9}"
EndProject
Global
	GlobalSection(SolutionConfigurationPlatforms) = preSolution
		Debug|Any CPU = Debug|Any CPU
		Release|Any CPU = Release|Any CPU
	EndGlobalSection
	GlobalSection(ProjectConfigurationPlatforms) = postSolution
		{B376EF65-484B-4CAD-AD85-B6B16B2104B9}.Debug|Any CPU.ActiveCfg = Debug|Any CPU
		{B376EF65-484B-4CAD-AD85-B6B16B2104B9}.Debug|Any CPU.Build.0 = Debug|Any CPU
		{B376EF65-484B-4CAD-AD85-B6B16B2104B9}.Release|Any CPU.ActiveCfg = Release|Any CPU
		{B376EF65-484B-4CAD-AD85-B6B16B2104B9}.Release|Any CPU.Build.0 = Release|Any CPU
	EndGlobalSection
	GlobalSection(SolutionProperties) = preSolution
		HideSolutionNode = FALSE
	EndGlobalSection
EndGlobal
